
Microsoft Visual Studio Solution File, Format Version 12.00
# Visual Studio Version 17
VisualStudioVersion = 17.3.32901.215
MinimumVisualStudioVersion = 10.0.40219.1
Project("{FAE04EC0-301F-11D3-BF4B-00C04F79EFBC}") = "Tiny_Compiler", "Tiny_Compiler\Tiny_Compiler.csproj", "{317C883A-1AD2-4BF5-8033-D7C695787623}"
EndProject
Global
	GlobalSection(SolutionConfigurationPlatforms) = preSolution
		Debug|Any CPU = Debug|Any CPU
		Release|Any CPU = Release|Any CPU
	EndGlobalSection
	GlobalSection(ProjectConfigurationPlatforms) = postSolution
		{317C883A-1AD2-4BF5-8033-D7C695787623}.Debug|Any CPU.ActiveCfg = Debug|Any CPU
		{317C883A-1AD2-4BF5-8033-D7C695787623}.Debug|Any CPU.Build.0 = Debug|Any CPU
		{317C883A-1AD2-4BF5-8033-D7C695787623}.Release|Any CPU.ActiveCfg = Release|Any CPU
		{317C883A-1AD2-4BF5-8033-D7C695787623}.Release|Any CPU.Build.0 = Release|Any CPU
	EndGlobalSection
	GlobalSection(SolutionProperties) = preSolution
		HideSolutionNode = FALSE
	EndGlobalSection
	GlobalSection(ExtensibilityGlobals) = postSolution
		SolutionGuid = {8DCB83F0-9B63-43EE-B70E-E446022CC5E4}
	EndGlobalSection
EndGlobal
